
Microsoft Visual Studio Solution File, Format Version 12.00
# Visual Studio Version 16
VisualStudioVersion = 16.0.31105.61
MinimumVisualStudioVersion = 10.0.40219.1
Project("{8BC9CEB8-8B4A-11D0-8D11-00A0C91BC942}") = "숙제 2 로봇팔 움직임", "숙제 2 로봇팔 움직임.vcxproj", "{2237A2FF-8B00-49B5-9D58-BDA119FC4106}"
EndProject
Global
	GlobalSection(SolutionConfigurationPlatforms) = preSolution
		Debug|x64 = Debug|x64
		Debug|x86 = Debug|x86
		Release|x64 = Release|x64
		Release|x86 = Release|x86
	EndGlobalSection
	GlobalSection(ProjectConfigurationPlatforms) = postSolution
		{2237A2FF-8B00-49B5-9D58-BDA119FC4106}.Debug|x64.ActiveCfg = Debug|x64
		{2237A2FF-8B00-49B5-9D58-BDA119FC4106}.Debug|x64.Build.0 = Debug|x64
		{2237A2FF-8B00-49B5-9D58-BDA119FC4106}.Debug|x86.ActiveCfg = Debug|Win32
		{2237A2FF-8B00-49B5-9D58-BDA119FC4106}.Debug|x86.Build.0 = Debug|Win32
		{2237A2FF-8B00-49B5-9D58-BDA119FC4106}.Release|x64.ActiveCfg = Release|x64
		{2237A2FF-8B00-49B5-9D58-BDA119FC4106}.Release|x64.Build.0 = Release|x64
		{2237A2FF-8B00-49B5-9D58-BDA119FC4106}.Release|x86.ActiveCfg = Release|Win32
		{2237A2FF-8B00-49B5-9D58-BDA119FC4106}.Release|x86.Build.0 = Release|Win32
	EndGlobalSection
	GlobalSection(SolutionProperties) = preSolution
		HideSolutionNode = FALSE
	EndGlobalSection
	GlobalSection(ExtensibilityGlobals) = postSolution
		SolutionGuid = {B6AD3101-5AFB-45E9-92D8-43A811FA832C}
	EndGlobalSection
EndGlobal
