
Microsoft Visual Studio Solution File, Format Version 10.00
# Visual Studio 2008
Project("{8BC9CEB8-8B4A-11D0-8D11-00A0C91BC942}") = "5_13", "5_13.vcproj", "{95F4AC01-32EC-4604-B7ED-D20508E9C74E}"
EndProject
Global
	GlobalSection(SolutionConfigurationPlatforms) = preSolution
		Debug|Win32 = Debug|Win32
		Release|Win32 = Release|Win32
	EndGlobalSection
	GlobalSection(ProjectConfigurationPlatforms) = postSolution
		{95F4AC01-32EC-4604-B7ED-D20508E9C74E}.Debug|Win32.ActiveCfg = Debug|Win32
		{95F4AC01-32EC-4604-B7ED-D20508E9C74E}.Debug|Win32.Build.0 = Debug|Win32
		{95F4AC01-32EC-4604-B7ED-D20508E9C74E}.Release|Win32.ActiveCfg = Release|Win32
		{95F4AC01-32EC-4604-B7ED-D20508E9C74E}.Release|Win32.Build.0 = Release|Win32
	EndGlobalSection
	GlobalSection(SolutionProperties) = preSolution
		HideSolutionNode = FALSE
	EndGlobalSection
EndGlobal
